PODS:
  - Capacitor (2.0.1):
    - CapacitorCordova (= 2.0.1)
  - CapacitorCordova (2.0.1)
  - Crashlytics (3.14.0):
    - Fabric (~> 1.10.2)
  - Fabric (1.10.2)
  - Firebase/Analytics (6.1.0):
    - Firebase/Core
  - Firebase/Core (6.1.0):
    - Firebase/CoreOnly
    - FirebaseAnalytics (= 6.0.1)
  - Firebase/CoreOnly (6.1.0):
    - FirebaseCore (= 6.0.1)
  - Firebase/DynamicLinks (6.1.0):
    - Firebase/CoreOnly
    - FirebaseDynamicLinks (~> 4.0.0)
  - Firebase/Messaging (6.1.0):
    - Firebase/CoreOnly
    - FirebaseMessaging (~> 4.0.1)
  - Firebase/RemoteConfig (6.1.0):
    - Firebase/CoreOnly
    - FirebaseRemoteConfig (~> 4.0.0)
  - FirebaseABTesting (3.0.0):
    - FirebaseCore (~> 6.0)
    - Protobuf (~> 3.5)
  - FirebaseAnalytics (6.0.1):
    - FirebaseCore (~> 6.0)
    - FirebaseInstanceID (~> 4.1)
    - GoogleAppMeasurement (= 6.0.1)
    - GoogleUtilities/AppDelegateSwizzler (~> 6.0)
    - GoogleUtilities/MethodSwizzler (~> 6.0)
    - GoogleUtilities/Network (~> 6.0)
    - "GoogleUtilities/NSData+zlib (~> 6.0)"
    - nanopb (~> 0.3)
  - FirebaseAnalyticsInterop (1.5.0)
  - FirebaseCore (6.0.1):
    - GoogleUtilities/Environment (~> 6.0)
    - GoogleUtilities/Logger (~> 6.0)
  - FirebaseDynamicLinks (4.0.1):
    - FirebaseAnalyticsInterop (~> 1.0)
    - FirebaseCore (~> 6.0)
  - FirebaseInstanceID (4.2.7):
    - FirebaseCore (~> 6.0)
    - GoogleUtilities/Environment (~> 6.0)
    - GoogleUtilities/UserDefaults (~> 6.0)
  - FirebaseMessaging (4.0.2):
    - FirebaseAnalyticsInterop (~> 1.1)
    - FirebaseCore (~> 6.0)
    - FirebaseInstanceID (~> 4.1)
    - GoogleUtilities/AppDelegateSwizzler (~> 6.2)
    - GoogleUtilities/Environment (~> 6.2)
    - GoogleUtilities/Reachability (~> 6.2)
    - GoogleUtilities/UserDefaults (~> 6.2)
    - Protobuf (~> 3.1)
  - FirebaseRemoteConfig (4.0.0):
    - FirebaseABTesting (~> 3.0)
    - FirebaseCore (~> 6.0)
    - FirebaseInstanceID (~> 4.0)
    - GoogleUtilities/Environment (~> 6.0)
    - "GoogleUtilities/NSData+zlib (~> 6.0)"
    - Protobuf (~> 3.5)
  - GoogleAppMeasurement (6.0.1):
    - GoogleUtilities/AppDelegateSwizzler (~> 6.0)
    - GoogleUtilities/MethodSwizzler (~> 6.0)
    - GoogleUtilities/Network (~> 6.0)
    - "GoogleUtilities/NSData+zlib (~> 6.0)"
    - nanopb (~> 0.3)
  - GoogleUtilities/AppDelegateSwizzler (6.5.1):
    - GoogleUtilities/Environment
    - GoogleUtilities/Logger
    - GoogleUtilities/Network
  - GoogleUtilities/Environment (6.5.1)
  - GoogleUtilities/Logger (6.5.1):
    - GoogleUtilities/Environment
  - GoogleUtilities/MethodSwizzler (6.5.1):
    - GoogleUtilities/Logger
  - GoogleUtilities/Network (6.5.1):
    - GoogleUtilities/Logger
    - "GoogleUtilities/NSData+zlib"
    - GoogleUtilities/Reachability
  - "GoogleUtilities/NSData+zlib (6.5.1)"
  - GoogleUtilities/Reachability (6.5.1):
    - GoogleUtilities/Logger
  - GoogleUtilities/UserDefaults (6.5.1):
    - GoogleUtilities/Logger
  - nanopb (0.3.9011):
    - nanopb/decode (= 0.3.9011)
    - nanopb/encode (= 0.3.9011)
  - nanopb/decode (0.3.9011)
  - nanopb/encode (0.3.9011)
  - Protobuf (3.11.4)

DEPENDENCIES:
  - "Capacitor (from `../node_modules/@capacitor/ios`)"
  - "CapacitorCordova (from `../node_modules/@capacitor/ios`)"
  - Crashlytics (= 3.14.0)
  - Fabric (= 1.10.2)
  - Firebase/Analytics (= 6.1.0)
  - Firebase/Core (= 6.1.0)
  - Firebase/DynamicLinks (= 6.1.0)
  - Firebase/Messaging (= 6.1.0)
  - Firebase/RemoteConfig (= 6.1.0)

SPEC REPOS:
  https://github.com/cocoapods/specs.git:
    - Crashlytics
    - Fabric
    - Firebase
    - FirebaseABTesting
    - FirebaseAnalytics
    - FirebaseAnalyticsInterop
    - FirebaseCore
    - FirebaseDynamicLinks
    - FirebaseInstanceID
    - FirebaseMessaging
    - FirebaseRemoteConfig
    - GoogleAppMeasurement
    - GoogleUtilities
    - nanopb
    - Protobuf

EXTERNAL SOURCES:
  Capacitor:
    :path: "../node_modules/@capacitor/ios"
  CapacitorCordova:
    :path: "../node_modules/@capacitor/ios"

SPEC CHECKSUMS:
  Capacitor: 893baa42b33635ddf23d29d23d2a7f33f7c08bc7
  CapacitorCordova: 9fee2eb6780331b6ff09710d6a7d1f2e4707f1b9
  Crashlytics: 540b7e5f5da5a042647227a5e3ac51d85eed06df
  Fabric: 706c8b8098fff96c33c0db69cbf81f9c551d0d74
  Firebase: 8d77bb33624ae9b62d745d82ec023de5f70f7e4f
  FirebaseABTesting: a32c488eb75089a61eb3d86db061dfb909d765db
  FirebaseAnalytics: 629301c2b9925f3537d4093a17a72751ae5b7084
  FirebaseAnalyticsInterop: 3f86269c38ae41f47afeb43ebf32a001f58fcdae
  FirebaseCore: 66bdef3b310a026880e2a5bc8aa586ab62ce4543
  FirebaseDynamicLinks: 2ba929800a256ecbf6ee28b2af9d73edf46e8914
  FirebaseInstanceID: ebd2ea79ee38db0cb5f5167b17a0d387e1cc7b6e
  FirebaseMessaging: 20b6626c41be7840aed7a3dd9a14003efae3d588
  FirebaseRemoteConfig: 40f75c6ea20a52bf65ef44e3898910dd5b57c532
  GoogleAppMeasurement: 51d8d9ea48f0ca44484d29cfbdef976fbd4fc336
  GoogleUtilities: 06eb53bb579efe7099152735900dd04bf09e7275
  nanopb: 18003b5e52dab79db540fe93fe9579f399bd1ccd
  Protobuf: 176220c526ad8bd09ab1fb40a978eac3fef665f7

PODFILE CHECKSUM: 2c7ae2bb8f63ae0a1e05028ea2c22c85131d3539

COCOAPODS: 1.7.3
